
Microsoft Visual Studio Solution File, Format Version 12.00
# Visual Studio Version 16
VisualStudioVersion = 16.0.30517.126
MinimumVisualStudioVersion = 10.0.40219.1
Project("{FAE04EC0-301F-11D3-BF4B-00C04F79EFBC}") = "EduX_API", "EduX_API.csproj", "{15E821D7-BE84-4182-88FA-B600D1C02210}"
EndProject
Global
	GlobalSection(SolutionConfigurationPlatforms) = preSolution
		Debug|Any CPU = Debug|Any CPU
		Release|Any CPU = Release|Any CPU
	EndGlobalSection
	GlobalSection(ProjectConfigurationPlatforms) = postSolution
		{15E821D7-BE84-4182-88FA-B600D1C02210}.Debug|Any CPU.ActiveCfg = Debug|Any CPU
		{15E821D7-BE84-4182-88FA-B600D1C02210}.Debug|Any CPU.Build.0 = Debug|Any CPU
		{15E821D7-BE84-4182-88FA-B600D1C02210}.Release|Any CPU.ActiveCfg = Release|Any CPU
		{15E821D7-BE84-4182-88FA-B600D1C02210}.Release|Any CPU.Build.0 = Release|Any CPU
	EndGlobalSection
	GlobalSection(SolutionProperties) = preSolution
		HideSolutionNode = FALSE
	EndGlobalSection
	GlobalSection(ExtensibilityGlobals) = postSolution
		SolutionGuid = {7CD77510-FE53-41BF-9668-8348B5E41DE1}
	EndGlobalSection
EndGlobal
